
Microsoft Visual Studio Solution File, Format Version 12.00
# Visual Studio Version 17
VisualStudioVersion = 17.8.34316.72
MinimumVisualStudioVersion = 10.0.40219.1
Project("{FAE04EC0-301F-11D3-BF4B-00C04F79EFBC}") = "APP_Gimnasio_MVVM", "APP_Gimnasio_MVVM.csproj", "{B8D22205-422F-4841-B838-45E6FF186803}"
EndProject
Global
	GlobalSection(SolutionConfigurationPlatforms) = preSolution
		Debug|Any CPU = Debug|Any CPU
		Release|Any CPU = Release|Any CPU
	EndGlobalSection
	GlobalSection(ProjectConfigurationPlatforms) = postSolution
		{B8D22205-422F-4841-B838-45E6FF186803}.Debug|Any CPU.ActiveCfg = Debug|Any CPU
		{B8D22205-422F-4841-B838-45E6FF186803}.Debug|Any CPU.Build.0 = Debug|Any CPU
		{B8D22205-422F-4841-B838-45E6FF186803}.Debug|Any CPU.Deploy.0 = Debug|Any CPU
		{B8D22205-422F-4841-B838-45E6FF186803}.Release|Any CPU.ActiveCfg = Release|Any CPU
		{B8D22205-422F-4841-B838-45E6FF186803}.Release|Any CPU.Build.0 = Release|Any CPU
		{B8D22205-422F-4841-B838-45E6FF186803}.Release|Any CPU.Deploy.0 = Release|Any CPU
	EndGlobalSection
	GlobalSection(SolutionProperties) = preSolution
		HideSolutionNode = FALSE
	EndGlobalSection
	GlobalSection(ExtensibilityGlobals) = postSolution
		SolutionGuid = {0CAC234E-259E-4CF0-9C50-D52BC87360CD}
	EndGlobalSection
EndGlobal
